// !$*UTF8*$!
{
	archiveVersion = 1;
	classes = {
	};
	objectVersion = 50;
	objects = {

/* Begin PBXBuildFile section */
		09B6A0E720D27EE8001E8556 /* AppDelegate.swift in Sources */ = {isa = PBXBuildFile; fileRef = 09B6A0E620D27EE8001E8556 /* AppDelegate.swift */; };
		09B6A0E920D27EE8001E8556 /* ViewController.swift in Sources */ = {isa = PBXBuildFile; fileRef = 09B6A0E820D27EE8001E8556 /* ViewController.swift */; };
		09B6A0EC20D27EE8001E8556 /* Main.storyboard in Resources */ = {isa = PBXBuildFile; fileRef = 09B6A0EA20D27EE8001E8556 /* Main.storyboard */; };
		09B6A0EE20D27EEA001E8556 /* Assets.xcassets in Resources */ = {isa = PBXBuildFile; fileRef = 09B6A0ED20D27EEA001E8556 /* Assets.xcassets */; };
		09B6A0F120D27EEA001E8556 /* LaunchScreen.storyboard in Resources */ = {isa = PBXBuildFile; fileRef = 09B6A0EF20D27EEA001E8556 /* LaunchScreen.storyboard */; };
		09B6A0FC20D27EEA001E8556 /* MediCueTests.swift in Sources */ = {isa = PBXBuildFile; fileRef = 09B6A0FB20D27EEA001E8556 /* MediCueTests.swift */; };
		09B6A10720D27EEA001E8556 /* MediCueUITests.swift in Sources */ = {isa = PBXBuildFile; fileRef = 09B6A10620D27EEA001E8556 /* MediCueUITests.swift */; };
/* End PBXBuildFile section */

/* Begin PBXContainerItemProxy section */
		09B6A0F820D27EEA001E8556 /* PBXContainerItemProxy */ = {
			isa = PBXContainerItemProxy;
			containerPortal = 09B6A0DB20D27EE8001E8556 /* Project object */;
			proxyType = 1;
			remoteGlobalIDString = 09B6A0E220D27EE8001E8556;
			remoteInfo = MediCue;
		};
		09B6A10320D27EEA001E8556 /* PBXContainerItemProxy */ = {
			isa = PBXContainerItemProxy;
			containerPortal = 09B6A0DB20D27EE8001E8556 /* Project object */;
			proxyType = 1;
			remoteGlobalIDString = 09B6A0E220D27EE8001E8556;
			remoteInfo = MediCue;
		};
/* End PBXContainerItemProxy section */

/* Begin PBXFileReference section */
		09B6A0E320D27EE8001E8556 /* MediCue.app */ = {isa = PBXFileReference; explicitFileType = wrapper.application; includeInIndex = 0; path = MediCue.app; sourceTree = BUILT_PRODUCTS_DIR; };
		09B6A0E620D27EE8001E8556 /* AppDelegate.swift */ = {isa = PBXFileReference; lastKnownFileType = sourcecode.swift; path = AppDelegate.swift; sourceTree = "<group>"; };
		09B6A0E820D27EE8001E8556 /* ViewController.swift */ = {isa = PBXFileReference; lastKnownFileType = sourcecode.swift; path = ViewController.swift; sourceTree = "<group>"; };
		09B6A0EB20D27EE8001E8556 /* Base */ = {isa = PBXFileReference; lastKnownFileType = file.storyboard; name = Base; path = Base.lproj/Main.storyboard; sourceTree = "<group>"; };
		09B6A0ED20D27EEA001E8556 /* Assets.xcassets */ = {isa = PBXFileReference; lastKnownFileType = folder.assetcatalog; path = Assets.xcassets; sourceTree = "<group>"; };
		09B6A0F020D27EEA001E8556 /* Base */ = {isa = PBXFileReference; lastKnownFileType = file.storyboard; name = Base; path = Base.lproj/LaunchScreen.storyboard; sourceTree = "<group>"; };
		09B6A0F220D27EEA001E8556 /* Info.plist */ = {isa = PBXFileReference; lastKnownFileType = text.plist.xml; path = Info.plist; sourceTree = "<group>"; };
		09B6A0F720D27EEA001E8556 /* MediCueTests.xctest */ = {isa = PBXFileReference; explicitFileType = wrapper.cfbundle; includeInIndex = 0; path = MediCueTests.xctest; sourceTree = BUILT_PRODUCTS_DIR; };
		09B6A0FB20D27EEA001E8556 /* MediCueTests.swift */ = {isa = PBXFileReference; lastKnownFileType = sourcecode.swift; path = MediCueTests.swift; sourceTree = "<group>"; };
		09B6A0FD20D27EEA001E8556 /* Info.plist */ = {isa = PBXFileReference; lastKnownFileType = text.plist.xml; path = Info.plist; sourceTree = "<group>"; };
		09B6A10220D27EEA001E8556 /* MediCueUITests.xctest */ = {isa = PBXFileReference; explicitFileType = wrapper.cfbundle; includeInIndex = 0; path = MediCueUITests.xctest; sourceTree = BUILT_PRODUCTS_DIR; };
		09B6A10620D27EEA001E8556 /* MediCueUITests.swift */ = {isa = PBXFileReference; lastKnownFileType = sourcecode.swift; path = MediCueUITests.swift; sourceTree = "<group>"; };
		09B6A10820D27EEA001E8556 /* Info.plist */ = {isa = PBXFileReference; lastKnownFileType = text.plist.xml; path = Info.plist; sourceTree = "<group>"; };
/* End PBXFileReference section */

/* Begin PBXFrameworksBuildPhase section */
		09B6A0E020D27EE8001E8556 /* Frameworks */ = {
			isa = PBXFrameworksBuildPhase;
			buildActionMask = 2147483647;
			files = (
			);
			runOnlyForDeploymentPostprocessing = 0;
		};
		09B6A0F420D27EEA001E8556 /* Frameworks */ = {
			isa = PBXFrameworksBuildPhase;
			buildActionMask = 2147483647;
			files = (
			);
			runOnlyForDeploymentPostprocessing = 0;
		};
		09B6A0FF20D27EEA001E8556 /* Frameworks */ = {
			isa = PBXFrameworksBuildPhase;
			buildActionMask = 2147483647;
			files = (
			);
			runOnlyForDeploymentPostprocessing = 0;
		};
/* End PBXFrameworksBuildPhase section */

/* Begin PBXGroup section */
		09B6A0DA20D27EE8001E8556 = {
			isa = PBXGroup;
			children = (
				09B6A0E520D27EE8001E8556 /* MediCue */,
				09B6A0FA20D27EEA001E8556 /* MediCueTests */,
				09B6A10520D27EEA001E8556 /* MediCueUITests */,
				09B6A0E420D27EE8001E8556 /* Products */,
			);
			sourceTree = "<group>";
		};
		09B6A0E420D27EE8001E8556 /* Products */ = {
			isa = PBXGroup;
			children = (
				09B6A0E320D27EE8001E8556 /* MediCue.app */,
				09B6A0F720D27EEA001E8556 /* MediCueTests.xctest */,
				09B6A10220D27EEA001E8556 /* MediCueUITests.xctest */,
			);
			name = Products;
			sourceTree = "<group>";
		};
		09B6A0E520D27EE8001E8556 /* MediCue */ = {
			isa = PBXGroup;
			children = (
				09B6A0E620D27EE8001E8556 /* AppDelegate.swift */,
				09B6A0E820D27EE8001E8556 /* ViewController.swift */,
				09B6A0EA20D27EE8001E8556 /* Main.storyboard */,
				09B6A0ED20D27EEA001E8556 /* Assets.xcassets */,
				09B6A0EF20D27EEA001E8556 /* LaunchScreen.storyboard */,
				09B6A0F220D27EEA001E8556 /* Info.plist */,
			);
			path = MediCue;
			sourceTree = "<group>";
		};
		09B6A0FA20D27EEA001E8556 /* MediCueTests */ = {
			isa = PBXGroup;
			children = (
				09B6A0FB20D27EEA001E8556 /* MediCueTests.swift */,
				09B6A0FD20D27EEA001E8556 /* Info.plist */,
			);
			path = MediCueTests;
			sourceTree = "<group>";
		};
		09B6A10520D27EEA001E8556 /* MediCueUITests */ = {
			isa = PBXGroup;
			children = (
				09B6A10620D27EEA001E8556 /* MediCueUITests.swift */,
				09B6A10820D27EEA001E8556 /* Info.plist */,
			);
			path = MediCueUITests;
			sourceTree = "<group>";
		};
/* End PBXGroup section */

/* Begin PBXNativeTarget section */
		09B6A0E220D27EE8001E8556 /* MediCue */ = {
			isa = PBXNativeTarget;
			buildConfigurationList = 09B6A10B20D27EEA001E8556 /* Build configuration list for PBXNativeTarget "MediCue" */;
			buildPhases = (
				09B6A0DF20D27EE8001E8556 /* Sources */,
				09B6A0E020D27EE8001E8556 /* Frameworks */,
				09B6A0E120D27EE8001E8556 /* Resources */,
			);
			buildRules = (
			);
			dependencies = (
			);
			name = MediCue;
			productName = MediCue;
			productReference = 09B6A0E320D27EE8001E8556 /* MediCue.app */;
			productType = "com.apple.product-type.application";
		};
		09B6A0F620D27EEA001E8556 /* MediCueTests */ = {
			isa = PBXNativeTarget;
			buildConfigurationList = 09B6A10E20D27EEA001E8556 /* Build configuration list for PBXNativeTarget "MediCueTests" */;
			buildPhases = (
				09B6A0F320D27EEA001E8556 /* Sources */,
				09B6A0F420D27EEA001E8556 /* Frameworks */,
				09B6A0F520D27EEA001E8556 /* Resources */,
			);
			buildRules = (
			);
			dependencies = (
				09B6A0F920D27EEA001E8556 /* PBXTargetDependency */,
			);
			name = MediCueTests;
			productName = MediCueTests;
			productReference = 09B6A0F720D27EEA001E8556 /* MediCueTests.xctest */;
			productType = "com.apple.product-type.bundle.unit-test";
		};
		09B6A10120D27EEA001E8556 /* MediCueUITests */ = {
			isa = PBXNativeTarget;
			buildConfigurationList = 09B6A11120D27EEA001E8556 /* Build configuration list for PBXNativeTarget "MediCueUITests" */;
			buildPhases = (
				09B6A0FE20D27EEA001E8556 /* Sources */,
				09B6A0FF20D27EEA001E8556 /* Frameworks */,
				09B6A10020D27EEA001E8556 /* Resources */,
			);
			buildRules = (
			);
			dependencies = (
				09B6A10420D27EEA001E8556 /* PBXTargetDependency */,
			);
			name = MediCueUITests;
			productName = MediCueUITests;
			productReference = 09B6A10220D27EEA001E8556 /* MediCueUITests.xctest */;
			productType = "com.apple.product-type.bundle.ui-testing";
		};
/* End PBXNativeTarget section */

/* Begin PBXProject section */
		09B6A0DB20D27EE8001E8556 /* Project object */ = {
			isa = PBXProject;
			attributes = {
				LastSwiftUpdateCheck = 0940;
				LastUpgradeCheck = 0940;
				ORGANIZATIONNAME = "Mads Østergaard";
				TargetAttributes = {
					09B6A0E220D27EE8001E8556 = {
						CreatedOnToolsVersion = 9.4;
					};
					09B6A0F620D27EEA001E8556 = {
						CreatedOnToolsVersion = 9.4;
						TestTargetID = 09B6A0E220D27EE8001E8556;
					};
					09B6A10120D27EEA001E8556 = {
						CreatedOnToolsVersion = 9.4;
						TestTargetID = 09B6A0E220D27EE8001E8556;
					};
				};
			};
			buildConfigurationList = 09B6A0DE20D27EE8001E8556 /* Build configuration list for PBXProject "MediCue" */;
			compatibilityVersion = "Xcode 9.3";
			developmentRegion = en;
			hasScannedForEncodings = 0;
			knownRegions = (
				en,
				Base,
			);
			mainGroup = 09B6A0DA20D27EE8001E8556;
			productRefGroup = 09B6A0E420D27EE8001E8556 /* Products */;
			projectDirPath = "";
			projectRoot = "";
			targets = (
				09B6A0E220D27EE8001E8556 /* MediCue */,
				09B6A0F620D27EEA001E8556 /* MediCueTests */,
				09B6A10120D27EEA001E8556 /* MediCueUITests */,
			);
		};
/* End PBXProject section */

/* Begin PBXResourcesBuildPhase section */
		09B6A0E120D27EE8001E8556 /* Resources */ = {
			isa = PBXResourcesBuildPhase;
			buildActionMask = 2147483647;
			files = (
				09B6A0F120D27EEA001E8556 /* LaunchScreen.storyboard in Resources */,
				09B6A0EE20D27EEA001E8556 /* Assets.xcassets in Resources */,
				09B6A0EC20D27EE8001E8556 /* Main.storyboard in Resources */,
			);
			runOnlyForDeploymentPostprocessing = 0;
		};
		09B6A0F520D27EEA001E8556 /* Resources */ = {
			isa = PBXResourcesBuildPhase;
			buildActionMask = 2147483647;
			files = (
			);
			runOnlyForDeploymentPostprocessing = 0;
		};
		09B6A10020D27EEA001E8556 /* Resources */ = {
			isa = PBXResourcesBuildPhase;
			buildActionMask = 2147483647;
			files = (
			);
			runOnlyForDeploymentPostprocessing = 0;
		};
/* End PBXResourcesBuildPhase section */

/* Begin PBXSourcesBuildPhase section */
		09B6A0DF20D27EE8001E8556 /* Sources */ = {
			isa = PBXSourcesBuildPhase;
			buildActionMask = 2147483647;
			files = (
				09B6A0E920D27EE8001E8556 /* ViewController.swift in Sources */,
				09B6A0E720D27EE8001E8556 /* AppDelegate.swift in Sources */,
			);
			runOnlyForDeploymentPostprocessing = 0;
		};
		09B6A0F320D27EEA001E8556 /* Sources */ = {
			isa = PBXSourcesBuildPhase;
			buildActionMask = 2147483647;
			files = (
				09B6A0FC20D27EEA001E8556 /* MediCueTests.swift in Sources */,
			);
			runOnlyForDeploymentPostprocessing = 0;
		};
		09B6A0FE20D27EEA001E8556 /* Sources */ = {
			isa = PBXSourcesBuildPhase;
			buildActionMask = 2147483647;
			files = (
				09B6A10720D27EEA001E8556 /* MediCueUITests.swift in Sources */,
			);
			runOnlyForDeploymentPostprocessing = 0;
		};
/* End PBXSourcesBuildPhase section */

/* Begin PBXTargetDependency section */
		09B6A0F920D27EEA001E8556 /* PBXTargetDependency */ = {
			isa = PBXTargetDependency;
			target = 09B6A0E220D27EE8001E8556 /* MediCue */;
			targetProxy = 09B6A0F820D27EEA001E8556 /* PBXContainerItemProxy */;
		};
		09B6A10420D27EEA001E8556 /* PBXTargetDependency */ = {
			isa = PBXTargetDependency;
			target = 09B6A0E220D27EE8001E8556 /* MediCue */;
			targetProxy = 09B6A10320D27EEA001E8556 /* PBXContainerItemProxy */;
		};
/* End PBXTargetDependency section */

/* Begin PBXVariantGroup section */
		09B6A0EA20D27EE8001E8556 /* Main.storyboard */ = {
			isa = PBXVariantGroup;
			children = (
				09B6A0EB20D27EE8001E8556 /* Base */,
			);
			name = Main.storyboard;
			sourceTree = "<group>";
		};
		09B6A0EF20D27EEA001E8556 /* LaunchScreen.storyboard */ = {
			isa = PBXVariantGroup;
			children = (
				09B6A0F020D27EEA001E8556 /* Base */,
			);
			name = LaunchScreen.storyboard;
			sourceTree = "<group>";
		};
/* End PBXVariantGroup section */

/* Begin XCBuildConfiguration section */
		09B6A10920D27EEA001E8556 /* Debug */ = {
			isa = XCBuildConfiguration;
			buildSettings = {
				ALWAYS_SEARCH_USER_PATHS = NO;
				CLANG_ANALYZER_NONNULL = YES;
				CLANG_ANALYZER_NUMBER_OBJECT_CONVERSION = YES_AGGRESSIVE;
				CLANG_CXX_LANGUAGE_STANDARD = "gnu++14";
				CLANG_CXX_LIBRARY = "libc++";
				CLANG_ENABLE_MODULES = YES;
				CLANG_ENABLE_OBJC_ARC = YES;
				CLANG_ENABLE_OBJC_WEAK = YES;
				CLANG_WARN_BLOCK_CAPTURE_AUTORELEASING = YES;
				CLANG_WARN_BOOL_CONVERSION = YES;
				CLANG_WARN_COMMA = YES;
				CLANG_WARN_CONSTANT_CONVERSION = YES;
				CLANG_WARN_DEPRECATED_OBJC_IMPLEMENTATIONS = YES;
				CLANG_WARN_DIRECT_OBJC_ISA_USAGE = YES_ERROR;
				CLANG_WARN_DOCUMENTATION_COMMENTS = YES;
				CLANG_WARN_EMPTY_BODY = YES;
				CLANG_WARN_ENUM_CONVERSION = YES;
				CLANG_WARN_INFINITE_RECURSION = YES;
				CLANG_WARN_INT_CONVERSION = YES;
				CLANG_WARN_NON_LITERAL_NULL_CONVERSION = YES;
				CLANG_WARN_OBJC_IMPLICIT_RETAIN_SELF = YES;
				CLANG_WARN_OBJC_LITERAL_CONVERSION = YES;
				CLANG_WARN_OBJC_ROOT_CLASS = YES_ERROR;
				CLANG_WARN_RANGE_LOOP_ANALYSIS = YES;
				CLANG_WARN_STRICT_PROTOTYPES = YES;
				CLANG_WARN_SUSPICIOUS_MOVE = YES;
				CLANG_WARN_UNGUARDED_AVAILABILITY = YES_AGGRESSIVE;
				CLANG_WARN_UNREACHABLE_CODE = YES;
				CLANG_WARN__DUPLICATE_METHOD_MATCH = YES;
				CODE_SIGN_IDENTITY = "iPhone Developer";
				COPY_PHASE_STRIP = NO;
				DEBUG_INFORMATION_FORMAT = dwarf;
				ENABLE_STRICT_OBJC_MSGSEND = YES;
				ENABLE_TESTABILITY = YES;
				GCC_C_LANGUAGE_STANDARD = gnu11;
				GCC_DYNAMIC_NO_PIC = NO;
				GCC_NO_COMMON_BLOCKS = YES;
				GCC_OPTIMIZATION_LEVEL = 0;
				GCC_PREPROCESSOR_DEFINITIONS = (
					"DEBUG=1",
					"$(inherited)",
				);
				GCC_WARN_64_TO_32_BIT_CONVERSION = YES;
				GCC_WARN_ABOUT_RETURN_TYPE = YES_ERROR;
				GCC_WARN_UNDECLARED_SELECTOR = YES;
				GCC_WARN_UNINITIALIZED_AUTOS = YES_AGGRESSIVE;
				GCC_WARN_UNUSED_FUNCTION = YES;
				GCC_WARN_UNUSED_VARIABLE = YES;
				IPHONEOS_DEPLOYMENT_TARGET = 11.4;
				MTL_ENABLE_DEBUG_INFO = YES;
				ONLY_ACTIVE_ARCH = YES;
				SDKROOT = iphoneos;
				SWIFT_ACTIVE_COMPILATION_CONDITIONS = DEBUG;
				SWIFT_OPTIMIZATION_LEVEL = "-Onone";
			};
			name = Debug;
		};
		09B6A10A20D27EEA001E8556 /* Release */ = {
			isa = XCBuildConfiguration;
			buildSettings = {
				ALWAYS_SEARCH_USER_PATHS = NO;
				CLANG_ANALYZER_NONNULL = YES;
				CLANG_ANALYZER_NUMBER_OBJECT_CONVERSION = YES_AGGRESSIVE;
				CLANG_CXX_LANGUAGE_STANDARD = "gnu++14";
				CLANG_CXX_LIBRARY = "libc++";
				CLANG_ENABLE_MODULES = YES;
				CLANG_ENABLE_OBJC_ARC = YES;
				CLANG_ENABLE_OBJC_WEAK = YES;
				CLANG_WARN_BLOCK_CAPTURE_AUTORELEASING = YES;
				CLANG_WARN_BOOL_CONVERSION = YES;
				CLANG_WARN_COMMA = YES;
				CLANG_WARN_CONSTANT_CONVERSION = YES;
				CLANG_WARN_DEPRECATED_OBJC_IMPLEMENTATIONS = YES;
				CLANG_WARN_DIRECT_OBJC_ISA_USAGE = YES_ERROR;
				CLANG_WARN_DOCUMENTATION_COMMENTS = YES;
				CLANG_WARN_EMPTY_BODY = YES;
				CLANG_WARN_ENUM_CONVERSION = YES;
				CLANG_WARN_INFINITE_RECURSION = YES;
				CLANG_WARN_INT_CONVERSION = YES;
				CLANG_WARN_NON_LITERAL_NULL_CONVERSION = YES;
				CLANG_WARN_OBJC_IMPLICIT_RETAIN_SELF = YES;
				CLANG_WARN_OBJC_LITERAL_CONVERSION = YES;
				CLANG_WARN_OBJC_ROOT_CLASS = YES_ERROR;
				CLANG_WARN_RANGE_LOOP_ANALYSIS = YES;
				CLANG_WARN_STRICT_PROTOTYPES = YES;
				CLANG_WARN_SUSPICIOUS_MOVE = YES;
				CLANG_WARN_UNGUARDED_AVAILABILITY = YES_AGGRESSIVE;
				CLANG_WARN_UNREACHABLE_CODE = YES;
				CLANG_WARN__DUPLICATE_METHOD_MATCH = YES;
				CODE_SIGN_IDENTITY = "iPhone Developer";
				COPY_PHASE_STRIP = NO;
				DEBUG_INFORMATION_FORMAT = "dwarf-with-dsym";
				ENABLE_NS_ASSERTIONS = NO;
				ENABLE_STRICT_OBJC_MSGSEND = YES;
				GCC_C_LANGUAGE_STANDARD = gnu11;
				GCC_NO_COMMON_BLOCKS = YES;
				GCC_WARN_64_TO_32_BIT_CONVERSION = YES;
				GCC_WARN_ABOUT_RETURN_TYPE = YES_ERROR;
				GCC_WARN_UNDECLARED_SELECTOR = YES;
				GCC_WARN_UNINITIALIZED_AUTOS = YES_AGGRESSIVE;
				GCC_WARN_UNUSED_FUNCTION = YES;
				GCC_WARN_UNUSED_VARIABLE = YES;
				IPHONEOS_DEPLOYMENT_TARGET = 11.4;
				MTL_ENABLE_DEBUG_INFO = NO;
				SDKROOT = iphoneos;
				SWIFT_COMPILATION_MODE = wholemodule;
				SWIFT_OPTIMIZATION_LEVEL = "-O";
				VALIDATE_PRODUCT = YES;
			};
			name = Release;
		};
		09B6A10C20D27EEA001E8556 /* Debug */ = {
			isa = XCBuildConfiguration;
			buildSettings = {
				ASSETCATALOG_COMPILER_APPICON_NAME = AppIcon;
				CODE_SIGN_STYLE = Automatic;
				DEVELOPMENT_TEAM = G6TSQJ6DQ5;
				INFOPLIST_FILE = MediCue/Info.plist;
				LD_RUNPATH_SEARCH_PATHS = (
					"$(inherited)",
					"@executable_path/Frameworks",
				);
				PRODUCT_BUNDLE_IDENTIFIER = dk.dtu.Mads.MediCue;
				PRODUCT_NAME = "$(TARGET_NAME)";
				SWIFT_VERSION = 4.0;
				TARGETED_DEVICE_FAMILY = "1,2";
			};
			name = Debug;
		};
		09B6A10D20D27EEA001E8556 /* Release */ = {
			isa = XCBuildConfiguration;
			buildSettings = {
				ASSETCATALOG_COMPILER_APPICON_NAME = AppIcon;
				CODE_SIGN_STYLE = Automatic;
				DEVELOPMENT_TEAM = G6TSQJ6DQ5;
				INFOPLIST_FILE = MediCue/Info.plist;
				LD_RUNPATH_SEARCH_PATHS = (
					"$(inherited)",
					"@executable_path/Frameworks",
				);
				PRODUCT_BUNDLE_IDENTIFIER = dk.dtu.Mads.MediCue;
				PRODUCT_NAME = "$(TARGET_NAME)";
				SWIFT_VERSION = 4.0;
				TARGETED_DEVICE_FAMILY = "1,2";
			};
			name = Release;
		};
		09B6A10F20D27EEA001E8556 /* Debug */ = {
			isa = XCBuildConfiguration;
			buildSettings = {
				ALWAYS_EMBED_SWIFT_STANDARD_LIBRARIES = YES;
				BUNDLE_LOADER = "$(TEST_HOST)";
				CODE_SIGN_STYLE = Automatic;
				DEVELOPMENT_TEAM = G6TSQJ6DQ5;
				INFOPLIST_FILE = MediCueTests/Info.plist;
				LD_RUNPATH_SEARCH_PATHS = (
					"$(inherited)",
					"@executable_path/Frameworks",
					"@loader_path/Frameworks",
				);
				PRODUCT_BUNDLE_IDENTIFIER = dk.dtu.Mads.MediCueTests;
				PRODUCT_NAME = "$(TARGET_NAME)";
				SWIFT_VERSION = 4.0;
				TARGETED_DEVICE_FAMILY = "1,2";
				TEST_HOST = "$(BUILT_PRODUCTS_DIR)/MediCue.app/MediCue";
			};
			name = Debug;
		};
		09B6A11020D27EEA001E8556 /* Release */ = {
			isa = XCBuildConfiguration;
			buildSettings = {
				ALWAYS_EMBED_SWIFT_STANDARD_LIBRARIES = YES;
				BUNDLE_LOADER = "$(TEST_HOST)";
				CODE_SIGN_STYLE = Automatic;
				DEVELOPMENT_TEAM = G6TSQJ6DQ5;
				INFOPLIST_FILE = MediCueTests/Info.plist;
				LD_RUNPATH_SEARCH_PATHS = (
					"$(inherited)",
					"@executable_path/Frameworks",
					"@loader_path/Frameworks",
				);
				PRODUCT_BUNDLE_IDENTIFIER = dk.dtu.Mads.MediCueTests;
				PRODUCT_NAME = "$(TARGET_NAME)";
				SWIFT_VERSION = 4.0;
				TARGETED_DEVICE_FAMILY = "1,2";
				TEST_HOST = "$(BUILT_PRODUCTS_DIR)/MediCue.app/MediCue";
			};
			name = Release;
		};
		09B6A11220D27EEA001E8556 /* Debug */ = {
			isa = XCBuildConfiguration;
			buildSettings = {
				ALWAYS_EMBED_SWIFT_STANDARD_LIBRARIES = YES;
				CODE_SIGN_STYLE = Automatic;
				DEVELOPMENT_TEAM = G6TSQJ6DQ5;
				INFOPLIST_FILE = MediCueUITests/Info.plist;
				LD_RUNPATH_SEARCH_PATHS = (
					"$(inherited)",
					"@executable_path/Frameworks",
					"@loader_path/Frameworks",
				);
				PRODUCT_BUNDLE_IDENTIFIER = dk.dtu.Mads.MediCueUITests;
				PRODUCT_NAME = "$(TARGET_NAME)";
				SWIFT_VERSION = 4.0;
				TARGETED_DEVICE_FAMILY = "1,2";
				TEST_TARGET_NAME = MediCue;
			};
			name = Debug;
		};
		09B6A11320D27EEA001E8556 /* Release */ = {
			isa = XCBuildConfiguration;
			buildSettings = {
				ALWAYS_EMBED_SWIFT_STANDARD_LIBRARIES = YES;
				CODE_SIGN_STYLE = Automatic;
				DEVELOPMENT_TEAM = G6TSQJ6DQ5;
				INFOPLIST_FILE = MediCueUITests/Info.plist;
				LD_RUNPATH_SEARCH_PATHS = (
					"$(inherited)",
					"@executable_path/Frameworks",
					"@loader_path/Frameworks",
				);
				PRODUCT_BUNDLE_IDENTIFIER = dk.dtu.Mads.MediCueUITests;
				PRODUCT_NAME = "$(TARGET_NAME)";
				SWIFT_VERSION = 4.0;
				TARGETED_DEVICE_FAMILY = "1,2";
				TEST_TARGET_NAME = MediCue;
			};
			name = Release;
		};
/* End XCBuildConfiguration section */

/* Begin XCConfigurationList section */
		09B6A0DE20D27EE8001E8556 /* Build configuration list for PBXProject "MediCue" */ = {
			isa = XCConfigurationList;
			buildConfigurations = (
				09B6A10920D27EEA001E8556 /* Debug */,
				09B6A10A20D27EEA001E8556 /* Release */,
			);
			defaultConfigurationIsVisible = 0;
			defaultConfigurationName = Release;
		};
		09B6A10B20D27EEA001E8556 /* Build configuration list for PBXNativeTarget "MediCue" */ = {
			isa = XCConfigurationList;
			buildConfigurations = (
				09B6A10C20D27EEA001E8556 /* Debug */,
				09B6A10D20D27EEA001E8556 /* Release */,
			);
			defaultConfigurationIsVisible = 0;
			defaultConfigurationName = Release;
		};
		09B6A10E20D27EEA001E8556 /* Build configuration list for PBXNativeTarget "MediCueTests" */ = {
			isa = XCConfigurationList;
			buildConfigurations = (
				09B6A10F20D27EEA001E8556 /* Debug */,
				09B6A11020D27EEA001E8556 /* Release */,
			);
			defaultConfigurationIsVisible = 0;
			defaultConfigurationName = Release;
		};
		09B6A11120D27EEA001E8556 /* Build configuration list for PBXNativeTarget "MediCueUITests" */ = {
			isa = XCConfigurationList;
			buildConfigurations = (
				09B6A11220D27EEA001E8556 /* Debug */,
				09B6A11320D27EEA001E8556 /* Release */,
			);
			defaultConfigurationIsVisible = 0;
			defaultConfigurationName = Release;
		};
/* End XCConfigurationList section */
	};
	rootObject = 09B6A0DB20D27EE8001E8556 /* Project object */;
}
